
Microsoft Visual Studio Solution File, Format Version 12.00
# Visual Studio 15
VisualStudioVersion = 15.0.28307.572
MinimumVisualStudioVersion = 10.0.40219.1
Project("{8BC9CEB8-8B4A-11D0-8D11-00A0C91BC942}") = "Uber", "Uber.vcxproj", "{7F2BB277-EC17-4A37-8E22-CB417C4079DC}"
EndProject
Global
	GlobalSection(SolutionConfigurationPlatforms) = preSolution
		Debug|x64 = Debug|x64
		Debug|x86 = Debug|x86
		Release|x64 = Release|x64
		Release|x86 = Release|x86
	EndGlobalSection
	GlobalSection(ProjectConfigurationPlatforms) = postSolution
		{7F2BB277-EC17-4A37-8E22-CB417C4079DC}.Debug|x64.ActiveCfg = Debug|x64
		{7F2BB277-EC17-4A37-8E22-CB417C4079DC}.Debug|x64.Build.0 = Debug|x64
		{7F2BB277-EC17-4A37-8E22-CB417C4079DC}.Debug|x86.ActiveCfg = Debug|Win32
		{7F2BB277-EC17-4A37-8E22-CB417C4079DC}.Debug|x86.Build.0 = Debug|Win32
		{7F2BB277-EC17-4A37-8E22-CB417C4079DC}.Release|x64.ActiveCfg = Release|x64
		{7F2BB277-EC17-4A37-8E22-CB417C4079DC}.Release|x64.Build.0 = Release|x64
		{7F2BB277-EC17-4A37-8E22-CB417C4079DC}.Release|x86.ActiveCfg = Release|Win32
		{7F2BB277-EC17-4A37-8E22-CB417C4079DC}.Release|x86.Build.0 = Release|Win32
	EndGlobalSection
	GlobalSection(SolutionProperties) = preSolution
		HideSolutionNode = FALSE
	EndGlobalSection
	GlobalSection(ExtensibilityGlobals) = postSolution
		SolutionGuid = {29E6CFBB-7C47-44AB-9069-AA508C6B4DBC}
	EndGlobalSection
EndGlobal
